{
  "name": "ll-travel",
  "version": "0.1.0",
  "lockfileVersion": 1,
  "requires": true,
  "dependencies": {
    "eslint-plugin-flowtype": {
      "version": "2.39.1",
      "resolved": "https://registry.npmjs.org/eslint-plugin-flowtype/-/eslint-plugin-flowtype-2.39.1.tgz",
      "integrity": "sha512-RiQv+7Z9QDJuzt+NO8sYgkLGT+h+WeCrxP7y8lI7wpU41x3x/2o3PGtHk9ck8QnA9/mlbNcy/hG0eKvmd7npaA==",
      "dev": true,
      "requires": {
        "lodash": "4.17.4"
      },
      "dependencies": {
        "lodash": {
          "version": "4.17.4",
          "resolved": "https://registry.npmjs.org/lodash/-/lodash-4.17.4.tgz",
          "integrity": "sha1-eCA6TRwyiuHYbcpkYONptX9AVa4=",
          "dev": true
        }
      }
    }
  }
}
